
Microsoft Visual Studio Solution File, Format Version 12.00
# Visual Studio 15
VisualStudioVersion = 15.0.28010.2003
MinimumVisualStudioVersion = 10.0.40219.1
Project("{8BC9CEB8-8B4A-11D0-8D11-00A0C91BC942}") = "BouncyBounce", "BouncyBounce\BouncyBounce.vcxproj", "{FD0195A0-2F89-4D6C-A176-D209D93595B4}"
EndProject
Global
	GlobalSection(SolutionConfigurationPlatforms) = preSolution
		Debug|x64 = Debug|x64
		Debug|x86 = Debug|x86
		Release|x64 = Release|x64
		Release|x86 = Release|x86
	EndGlobalSection
	GlobalSection(ProjectConfigurationPlatforms) = postSolution
		{FD0195A0-2F89-4D6C-A176-D209D93595B4}.Debug|x64.ActiveCfg = Debug|x64
		{FD0195A0-2F89-4D6C-A176-D209D93595B4}.Debug|x64.Build.0 = Debug|x64
		{FD0195A0-2F89-4D6C-A176-D209D93595B4}.Debug|x86.ActiveCfg = Debug|Win32
		{FD0195A0-2F89-4D6C-A176-D209D93595B4}.Debug|x86.Build.0 = Debug|Win32
		{FD0195A0-2F89-4D6C-A176-D209D93595B4}.Release|x64.ActiveCfg = Release|x64
		{FD0195A0-2F89-4D6C-A176-D209D93595B4}.Release|x64.Build.0 = Release|x64
		{FD0195A0-2F89-4D6C-A176-D209D93595B4}.Release|x86.ActiveCfg = Release|Win32
		{FD0195A0-2F89-4D6C-A176-D209D93595B4}.Release|x86.Build.0 = Release|Win32
	EndGlobalSection
	GlobalSection(SolutionProperties) = preSolution
		HideSolutionNode = FALSE
	EndGlobalSection
	GlobalSection(ExtensibilityGlobals) = postSolution
		SolutionGuid = {4FD73921-BDEC-42AC-B96F-AF75C065C249}
	EndGlobalSection
EndGlobal
